
Microsoft Visual Studio Solution File, Format Version 12.00
# Visual Studio Version 17
VisualStudioVersion = 17.1.32210.238
MinimumVisualStudioVersion = 10.0.40219.1
Project("{FAE04EC0-301F-11D3-BF4B-00C04F79EFBC}") = "BasicConsolelO", "BasicConsolelO\BasicConsolelO.csproj", "{1D5293B6-9CFD-4493-B8F8-DD7C238234E2}"
EndProject
Global
	GlobalSection(SolutionConfigurationPlatforms) = preSolution
		Debug|Any CPU = Debug|Any CPU
		Release|Any CPU = Release|Any CPU
	EndGlobalSection
	GlobalSection(ProjectConfigurationPlatforms) = postSolution
		{1D5293B6-9CFD-4493-B8F8-DD7C238234E2}.Debug|Any CPU.ActiveCfg = Debug|Any CPU
		{1D5293B6-9CFD-4493-B8F8-DD7C238234E2}.Debug|Any CPU.Build.0 = Debug|Any CPU
		{1D5293B6-9CFD-4493-B8F8-DD7C238234E2}.Release|Any CPU.ActiveCfg = Release|Any CPU
		{1D5293B6-9CFD-4493-B8F8-DD7C238234E2}.Release|Any CPU.Build.0 = Release|Any CPU
	EndGlobalSection
	GlobalSection(SolutionProperties) = preSolution
		HideSolutionNode = FALSE
	EndGlobalSection
	GlobalSection(ExtensibilityGlobals) = postSolution
		SolutionGuid = {5F1DBE1E-A035-4BDE-9F4B-83418684CFAB}
	EndGlobalSection
EndGlobal
